{
  "name": "base",
  "version": "0.0.1",
  "lockfileVersion": 1,
  "requires": true,
  "dependencies": {
    "custom-event-polyfill": {
      "version": "0.3.0",
      "resolved": "https://registry.npmjs.org/custom-event-polyfill/-/custom-event-polyfill-0.3.0.tgz",
      "integrity": "sha1-mYB4Ob5i7bRGtkWDLg2A6tb6GIg="
    },
    "custom-select": {
      "version": "1.1.14",
      "resolved": "https://registry.npmjs.org/custom-select/-/custom-select-1.1.14.tgz",
      "integrity": "sha512-LNVYckBStyun/paG+GHyNzxJS8pYdTZGwxp+i+5ky01BZ2McMqg8pBctZ8fFAbfR/0QwtnNeeiuuu4v6hK4/Uw==",
      "requires": {
        "custom-event-polyfill": "0.3.0"
      }
    }
  }
}
